
Microsoft Visual Studio Solution File, Format Version 12.00
# Visual Studio Express 2013 for Web
VisualStudioVersion = 12.0.31101.0
MinimumVisualStudioVersion = 10.0.40219.1
Project("{FAE04EC0-301F-11D3-BF4B-00C04F79EFBC}") = "DsiWorkorders.Data", "DsiWorkorders.Data\DsiWorkorders.Data.csproj", "{702EBF8B-279C-484D-9D62-DE852E839D64}"
EndProject
Project("{FAE04EC0-301F-11D3-BF4B-00C04F79EFBC}") = "DsiWorkorders.Web", "DsiWorkorders.Web\DsiWorkorders.Web.csproj", "{DE193636-2B16-4EFC-9070-47542D9BCA03}"
EndProject
Project("{2150E333-8FDC-42A3-9474-1A3956D46DE8}") = "PublishScripts", "PublishScripts", "{E0A5111D-3FCE-4C13-BF81-0E9C0F18A2E3}"
	ProjectSection(SolutionItems) = preProject
		PublishScripts\AzureWebsitePublishModule.psm1 = PublishScripts\AzureWebsitePublishModule.psm1
		PublishScripts\Publish-WebApplicationWebsite.ps1 = PublishScripts\Publish-WebApplicationWebsite.ps1
	EndProjectSection
EndProject
Project("{2150E333-8FDC-42A3-9474-1A3956D46DE8}") = "Configurations", "Configurations", "{D604EBC6-4C9B-4920-9695-A9474E944898}"
	ProjectSection(SolutionItems) = preProject
		PublishScripts\Configurations\DsiWorkordersWeb-WAWS-dev.json = PublishScripts\Configurations\DsiWorkordersWeb-WAWS-dev.json
	EndProjectSection
EndProject
Global
	GlobalSection(TeamFoundationVersionControl) = preSolution
		SccNumberOfProjects = 3
		SccEnterpriseProvider = {4CA58AB2-18FA-4F8D-95D4-32DDF27D184C}
		SccTeamFoundationServer = https://alphainformationsystems.visualstudio.com/defaultcollection
		SccLocalPath0 = .
		SccProjectUniqueName1 = DsiWorkorders.Data\\DsiWorkorders.Data.csproj
		SccProjectName1 = DsiWorkorders.Data
		SccLocalPath1 = DsiWorkorders.Data
		SccProjectUniqueName2 = DsiWorkorders.Web\\DsiWorkorders.Web.csproj
		SccProjectName2 = DsiWorkorders.Web
		SccLocalPath2 = DsiWorkorders.Web
	EndGlobalSection
	GlobalSection(SolutionConfigurationPlatforms) = preSolution
		Debug|Any CPU = Debug|Any CPU
		Release|Any CPU = Release|Any CPU
	EndGlobalSection
	GlobalSection(ProjectConfigurationPlatforms) = postSolution
		{702EBF8B-279C-484D-9D62-DE852E839D64}.Debug|Any CPU.ActiveCfg = Debug|Any CPU
		{702EBF8B-279C-484D-9D62-DE852E839D64}.Debug|Any CPU.Build.0 = Debug|Any CPU
		{702EBF8B-279C-484D-9D62-DE852E839D64}.Release|Any CPU.ActiveCfg = Release|Any CPU
		{702EBF8B-279C-484D-9D62-DE852E839D64}.Release|Any CPU.Build.0 = Release|Any CPU
		{DE193636-2B16-4EFC-9070-47542D9BCA03}.Debug|Any CPU.ActiveCfg = Debug|Any CPU
		{DE193636-2B16-4EFC-9070-47542D9BCA03}.Debug|Any CPU.Build.0 = Debug|Any CPU
		{DE193636-2B16-4EFC-9070-47542D9BCA03}.Release|Any CPU.ActiveCfg = Release|Any CPU
		{DE193636-2B16-4EFC-9070-47542D9BCA03}.Release|Any CPU.Build.0 = Release|Any CPU
	EndGlobalSection
	GlobalSection(SolutionProperties) = preSolution
		HideSolutionNode = FALSE
	EndGlobalSection
	GlobalSection(NestedProjects) = preSolution
		{D604EBC6-4C9B-4920-9695-A9474E944898} = {E0A5111D-3FCE-4C13-BF81-0E9C0F18A2E3}
	EndGlobalSection
EndGlobal
