
Microsoft Visual Studio Solution File, Format Version 12.00
# Visual Studio 14
VisualStudioVersion = 14.0.25420.1
MinimumVisualStudioVersion = 10.0.40219.1
Project("{FAE04EC0-301F-11D3-BF4B-00C04F79EFBC}") = "Workorders.Data", "Workorders.Data\Workorders.Data.csproj", "{702EBF8B-279C-484D-9D62-DE852E839D64}"
EndProject
Project("{FAE04EC0-301F-11D3-BF4B-00C04F79EFBC}") = "Workorders.Web", "Workorders.Web\Workorders.Web.csproj", "{DE193636-2B16-4EFC-9070-47542D9BCA03}"
EndProject
Project("{2150E333-8FDC-42A3-9474-1A3956D46DE8}") = "PublishScripts", "PublishScripts", "{E0A5111D-3FCE-4C13-BF81-0E9C0F18A2E3}"
	ProjectSection(SolutionItems) = preProject
		PublishScripts\AzureWebsitePublishModule.psm1 = PublishScripts\AzureWebsitePublishModule.psm1
		PublishScripts\Publish-WebApplicationWebsite.ps1 = PublishScripts\Publish-WebApplicationWebsite.ps1
	EndProjectSection
EndProject
Project("{2150E333-8FDC-42A3-9474-1A3956D46DE8}") = "Configurations", "Configurations", "{D604EBC6-4C9B-4920-9695-A9474E944898}"
	ProjectSection(SolutionItems) = preProject
		PublishScripts\Configurations\WorkordersWeb-WAWS-dev.json = PublishScripts\Configurations\WorkordersWeb-WAWS-dev.json
	EndProjectSection
EndProject
Global
	GlobalSection(SolutionConfigurationPlatforms) = preSolution
		Debug|Any CPU = Debug|Any CPU
		Release|Any CPU = Release|Any CPU
	EndGlobalSection
	GlobalSection(ProjectConfigurationPlatforms) = postSolution
		{702EBF8B-279C-484D-9D62-DE852E839D64}.Debug|Any CPU.ActiveCfg = Debug|Any CPU
		{702EBF8B-279C-484D-9D62-DE852E839D64}.Debug|Any CPU.Build.0 = Debug|Any CPU
		{702EBF8B-279C-484D-9D62-DE852E839D64}.Release|Any CPU.ActiveCfg = Release|Any CPU
		{702EBF8B-279C-484D-9D62-DE852E839D64}.Release|Any CPU.Build.0 = Release|Any CPU
		{DE193636-2B16-4EFC-9070-47542D9BCA03}.Debug|Any CPU.ActiveCfg = Debug|Any CPU
		{DE193636-2B16-4EFC-9070-47542D9BCA03}.Debug|Any CPU.Build.0 = Debug|Any CPU
		{DE193636-2B16-4EFC-9070-47542D9BCA03}.Release|Any CPU.ActiveCfg = Release|Any CPU
		{DE193636-2B16-4EFC-9070-47542D9BCA03}.Release|Any CPU.Build.0 = Release|Any CPU
	EndGlobalSection
	GlobalSection(SolutionProperties) = preSolution
		HideSolutionNode = FALSE
	EndGlobalSection
	GlobalSection(NestedProjects) = preSolution
		{D604EBC6-4C9B-4920-9695-A9474E944898} = {E0A5111D-3FCE-4C13-BF81-0E9C0F18A2E3}
	EndGlobalSection
EndGlobal
